
Microsoft Visual Studio Solution File, Format Version 12.00
# Visual Studio Version 16
VisualStudioVersion = 16.0.31229.75
MinimumVisualStudioVersion = 15.0.26124.0
Project("{9A19103F-16F7-4668-BE54-9A1E7A4F7556}") = "SeungYongShim.Proto.OpenTelemetry", "SeungYongShim.Proto.OpenTelemetry\SeungYongShim.Proto.OpenTelemetry.csproj", "{2B8B503F-924C-4EB4-A34C-0083197C2748}"
EndProject
Project("{2150E333-8FDC-42A3-9474-1A3956D46DE8}") = "Solution Items", "Solution Items", "{1C9D4649-AB55-4FC7-B6EF-0F44662BB926}"
	ProjectSection(SolutionItems) = preProject
		common.props = common.props
	EndProjectSection
EndProject
Project("{FAE04EC0-301F-11D3-BF4B-00C04F79EFBC}") = "SeungYongShim.Proto.DependencyInjection.OpenTelemetry", "SeungYongShim.Proto.DependencyInjection.OpenTelemetry\SeungYongShim.Proto.DependencyInjection.OpenTelemetry.csproj", "{4A0D5066-D8BC-46ED-9603-F972C1977620}"
EndProject
Project("{FAE04EC0-301F-11D3-BF4B-00C04F79EFBC}") = "SeungYongShim.Proto.DependencyInjection", "SeungYongShim.Proto.DependencyInjection\SeungYongShim.Proto.DependencyInjection.csproj", "{190EAF2E-AE9E-44ED-907D-17330EE0BCF8}"
EndProject
Project("{FAE04EC0-301F-11D3-BF4B-00C04F79EFBC}") = "SampleWebApp", "SampleWebApp\SampleWebApp.csproj", "{44D43EF7-AEAF-4088-8460-301FEEAABF85}"
EndProject
Project("{FAE04EC0-301F-11D3-BF4B-00C04F79EFBC}") = "SampleConsoleApp", "SampleConsoleApp\SampleConsoleApp.csproj", "{4405474F-C822-48CD-AD68-784E66101424}"
EndProject
Project("{FAE04EC0-301F-11D3-BF4B-00C04F79EFBC}") = "SeungYongShim.Proto.DependencyInjection.OpenTelemetry.Tests", "SeungYongShim.Proto.DependencyInjection.OpenTelemetry.Tests\SeungYongShim.Proto.DependencyInjection.OpenTelemetry.Tests.csproj", "{683F63D0-586D-4A51-B268-F7979DECCD46}"
EndProject
Global
	GlobalSection(SolutionConfigurationPlatforms) = preSolution
		Debug|Any CPU = Debug|Any CPU
		Release|Any CPU = Release|Any CPU
	EndGlobalSection
	GlobalSection(ProjectConfigurationPlatforms) = postSolution
		{2B8B503F-924C-4EB4-A34C-0083197C2748}.Debug|Any CPU.ActiveCfg = Debug|Any CPU
		{2B8B503F-924C-4EB4-A34C-0083197C2748}.Debug|Any CPU.Build.0 = Debug|Any CPU
		{2B8B503F-924C-4EB4-A34C-0083197C2748}.Release|Any CPU.ActiveCfg = Release|Any CPU
		{2B8B503F-924C-4EB4-A34C-0083197C2748}.Release|Any CPU.Build.0 = Release|Any CPU
		{4A0D5066-D8BC-46ED-9603-F972C1977620}.Debug|Any CPU.ActiveCfg = Debug|Any CPU
		{4A0D5066-D8BC-46ED-9603-F972C1977620}.Debug|Any CPU.Build.0 = Debug|Any CPU
		{4A0D5066-D8BC-46ED-9603-F972C1977620}.Release|Any CPU.ActiveCfg = Release|Any CPU
		{4A0D5066-D8BC-46ED-9603-F972C1977620}.Release|Any CPU.Build.0 = Release|Any CPU
		{190EAF2E-AE9E-44ED-907D-17330EE0BCF8}.Debug|Any CPU.ActiveCfg = Debug|Any CPU
		{190EAF2E-AE9E-44ED-907D-17330EE0BCF8}.Debug|Any CPU.Build.0 = Debug|Any CPU
		{190EAF2E-AE9E-44ED-907D-17330EE0BCF8}.Release|Any CPU.ActiveCfg = Release|Any CPU
		{190EAF2E-AE9E-44ED-907D-17330EE0BCF8}.Release|Any CPU.Build.0 = Release|Any CPU
		{44D43EF7-AEAF-4088-8460-301FEEAABF85}.Debug|Any CPU.ActiveCfg = Debug|Any CPU
		{44D43EF7-AEAF-4088-8460-301FEEAABF85}.Debug|Any CPU.Build.0 = Debug|Any CPU
		{44D43EF7-AEAF-4088-8460-301FEEAABF85}.Release|Any CPU.ActiveCfg = Release|Any CPU
		{44D43EF7-AEAF-4088-8460-301FEEAABF85}.Release|Any CPU.Build.0 = Release|Any CPU
		{4405474F-C822-48CD-AD68-784E66101424}.Debug|Any CPU.ActiveCfg = Debug|Any CPU
		{4405474F-C822-48CD-AD68-784E66101424}.Debug|Any CPU.Build.0 = Debug|Any CPU
		{4405474F-C822-48CD-AD68-784E66101424}.Release|Any CPU.ActiveCfg = Release|Any CPU
		{4405474F-C822-48CD-AD68-784E66101424}.Release|Any CPU.Build.0 = Release|Any CPU
		{683F63D0-586D-4A51-B268-F7979DECCD46}.Debug|Any CPU.ActiveCfg = Debug|Any CPU
		{683F63D0-586D-4A51-B268-F7979DECCD46}.Debug|Any CPU.Build.0 = Debug|Any CPU
		{683F63D0-586D-4A51-B268-F7979DECCD46}.Release|Any CPU.ActiveCfg = Release|Any CPU
		{683F63D0-586D-4A51-B268-F7979DECCD46}.Release|Any CPU.Build.0 = Release|Any CPU
	EndGlobalSection
	GlobalSection(SolutionProperties) = preSolution
		HideSolutionNode = FALSE
	EndGlobalSection
	GlobalSection(ExtensibilityGlobals) = postSolution
		SolutionGuid = {9EA91229-165D-4791-B2B9-8628786B5D57}
	EndGlobalSection
EndGlobal
